
Microsoft Visual Studio Solution File, Format Version 12.00
# Visual Studio Version 17
VisualStudioVersion = 17.8.34330.188
MinimumVisualStudioVersion = 10.0.40219.1
Project("{2150E333-8FDC-42A3-9474-1A3956D46DE8}") = "Solution Items", "Solution Items", "{329B0BD4-71DA-4DDE-860B-6F21486E9C70}"
EndProject
Project("{9A19103F-16F7-4668-BE54-9A1E7A4F7556}") = "Day02", "2024\day02\Day02.csproj", "{DA0A92F5-5753-46CC-85E4-59DE0D090B7C}"
EndProject
Project("{2150E333-8FDC-42A3-9474-1A3956D46DE8}") = "2024", "2024", "{2D7249D5-D9BE-4D2E-AA70-63D2B99CBE7B}"
EndProject
Project("{2150E333-8FDC-42A3-9474-1A3956D46DE8}") = "day01", "day01", "{C9DE6972-A1DA-4411-B1F7-0607E88983F3}"
	ProjectSection(SolutionItems) = preProject
		2024\day01\2024_01.xlsx = 2024\day01\2024_01.xlsx
		2024\day01\README.md = 2024\day01\README.md
	EndProjectSection
EndProject
Project("{2150E333-8FDC-42A3-9474-1A3956D46DE8}") = "day02", "day02", "{8329644C-E7D6-4574-8FA6-2B4D6661E801}"
EndProject
Project("{2150E333-8FDC-42A3-9474-1A3956D46DE8}") = "day03", "day03", "{A6C44599-74A9-408E-A889-1863F863171A}"
EndProject
Project("{2150E333-8FDC-42A3-9474-1A3956D46DE8}") = "day04", "day04", "{B3AC892A-E286-4A3F-8C42-0DF4917920E5}"
EndProject
Project("{2150E333-8FDC-42A3-9474-1A3956D46DE8}") = "day05", "day05", "{43715A40-C252-4961-AE00-3AD818B1E7C0}"
EndProject
Project("{9A19103F-16F7-4668-BE54-9A1E7A4F7556}") = "day05", "2024\day05\day05.csproj", "{E3EBA589-C885-4928-9F7D-F1B1E239DAF7}"
EndProject
Project("{9A19103F-16F7-4668-BE54-9A1E7A4F7556}") = "day04", "2024\day04\day04.csproj", "{61FB6ADC-81EA-4374-A7AD-E68CF41678B0}"
EndProject
Project("{9A19103F-16F7-4668-BE54-9A1E7A4F7556}") = "day03", "2024\day03\day03.csproj", "{32D1321B-2E73-4297-BED5-BE0E76149CB5}"
EndProject
Project("{2150E333-8FDC-42A3-9474-1A3956D46DE8}") = "day06", "day06", "{6F31178C-6E84-40C5-8579-151CC0778B35}"
EndProject
Project("{9A19103F-16F7-4668-BE54-9A1E7A4F7556}") = "day06", "2024\day06\day06.csproj", "{8838512B-D148-458D-988B-DD012F7CE587}"
EndProject
Project("{2150E333-8FDC-42A3-9474-1A3956D46DE8}") = "day07", "day07", "{FA4570B6-B690-4C04-98B5-86E312E1762E}"
EndProject
Project("{9A19103F-16F7-4668-BE54-9A1E7A4F7556}") = "day07", "2024\day07\day07_csharp\day07.csproj", "{9FDA9E71-B37F-46C2-ABA0-C2DDC6FBA970}"
EndProject
Project("{6EC3EE1D-3C4E-46DD-8F32-0CC8E7565705}") = "day07_fsharp", "2024\day07\day07_fsharp\day07_fsharp.fsproj", "{1AF56BC0-C94D-4587-80E7-734FF0ADD7C4}"
EndProject
Project("{2150E333-8FDC-42A3-9474-1A3956D46DE8}") = "day08", "day08", "{B6FBF66C-811D-4C63-A194-4406C165F24B}"
EndProject
Project("{9A19103F-16F7-4668-BE54-9A1E7A4F7556}") = "day08", "2024\day08\day08.csproj", "{E56858BC-8640-4FC0-B840-E2C8BD50D326}"
EndProject
Project("{2150E333-8FDC-42A3-9474-1A3956D46DE8}") = "day09", "day09", "{372BBDC5-89EB-44FC-9706-207C7DBA1928}"
EndProject
Project("{FAE04EC0-301F-11D3-BF4B-00C04F79EFBC}") = "day09", "2024\day09\day09.csproj", "{736B87C8-3406-4BD4-A14F-4590CF19F7FA}"
EndProject
Project("{2150E333-8FDC-42A3-9474-1A3956D46DE8}") = "day10", "day10", "{67544661-5C89-4633-A1B1-63D959AF238A}"
EndProject
Project("{2150E333-8FDC-42A3-9474-1A3956D46DE8}") = "day11", "day11", "{53ED3575-7D7E-43A6-B82C-A6BEF7EDB341}"
EndProject
Project("{FAE04EC0-301F-11D3-BF4B-00C04F79EFBC}") = "day10", "2024\day10\day10.csproj", "{C9722533-B908-43BD-8857-FD61875A4795}"
EndProject
Project("{FAE04EC0-301F-11D3-BF4B-00C04F79EFBC}") = "day11", "2024\day11\csharp\day11.csproj", "{8A727681-4522-45B5-B63E-09A240217BD3}"
EndProject
Project("{2150E333-8FDC-42A3-9474-1A3956D46DE8}") = "day12", "day12", "{90436459-C1F5-453B-BD2F-5AFEE4D2FB76}"
EndProject
Project("{FAE04EC0-301F-11D3-BF4B-00C04F79EFBC}") = "day12", "2024\day12\day12.csproj", "{A7513D74-88FA-4AB3-9272-8BDD22CF09DA}"
EndProject
Project("{2150E333-8FDC-42A3-9474-1A3956D46DE8}") = "day13", "day13", "{693ED681-D0FF-444A-BEE3-FA4E47FFCE5D}"
EndProject
Project("{FAE04EC0-301F-11D3-BF4B-00C04F79EFBC}") = "day13", "2024\day13\day13.csproj", "{6595D6C9-096A-4F9D-9375-057709D203C4}"
EndProject
Global
	GlobalSection(SolutionConfigurationPlatforms) = preSolution
		Debug|Any CPU = Debug|Any CPU
		Release|Any CPU = Release|Any CPU
	EndGlobalSection
	GlobalSection(ProjectConfigurationPlatforms) = postSolution
		{DA0A92F5-5753-46CC-85E4-59DE0D090B7C}.Debug|Any CPU.ActiveCfg = Debug|Any CPU
		{DA0A92F5-5753-46CC-85E4-59DE0D090B7C}.Debug|Any CPU.Build.0 = Debug|Any CPU
		{DA0A92F5-5753-46CC-85E4-59DE0D090B7C}.Release|Any CPU.ActiveCfg = Release|Any CPU
		{DA0A92F5-5753-46CC-85E4-59DE0D090B7C}.Release|Any CPU.Build.0 = Release|Any CPU
		{E3EBA589-C885-4928-9F7D-F1B1E239DAF7}.Debug|Any CPU.ActiveCfg = Debug|Any CPU
		{E3EBA589-C885-4928-9F7D-F1B1E239DAF7}.Debug|Any CPU.Build.0 = Debug|Any CPU
		{E3EBA589-C885-4928-9F7D-F1B1E239DAF7}.Release|Any CPU.ActiveCfg = Release|Any CPU
		{E3EBA589-C885-4928-9F7D-F1B1E239DAF7}.Release|Any CPU.Build.0 = Release|Any CPU
		{61FB6ADC-81EA-4374-A7AD-E68CF41678B0}.Debug|Any CPU.ActiveCfg = Debug|Any CPU
		{61FB6ADC-81EA-4374-A7AD-E68CF41678B0}.Debug|Any CPU.Build.0 = Debug|Any CPU
		{61FB6ADC-81EA-4374-A7AD-E68CF41678B0}.Release|Any CPU.ActiveCfg = Release|Any CPU
		{61FB6ADC-81EA-4374-A7AD-E68CF41678B0}.Release|Any CPU.Build.0 = Release|Any CPU
		{32D1321B-2E73-4297-BED5-BE0E76149CB5}.Debug|Any CPU.ActiveCfg = Debug|Any CPU
		{32D1321B-2E73-4297-BED5-BE0E76149CB5}.Debug|Any CPU.Build.0 = Debug|Any CPU
		{32D1321B-2E73-4297-BED5-BE0E76149CB5}.Release|Any CPU.ActiveCfg = Release|Any CPU
		{32D1321B-2E73-4297-BED5-BE0E76149CB5}.Release|Any CPU.Build.0 = Release|Any CPU
		{8838512B-D148-458D-988B-DD012F7CE587}.Debug|Any CPU.ActiveCfg = Debug|Any CPU
		{8838512B-D148-458D-988B-DD012F7CE587}.Debug|Any CPU.Build.0 = Debug|Any CPU
		{8838512B-D148-458D-988B-DD012F7CE587}.Release|Any CPU.ActiveCfg = Release|Any CPU
		{8838512B-D148-458D-988B-DD012F7CE587}.Release|Any CPU.Build.0 = Release|Any CPU
		{9FDA9E71-B37F-46C2-ABA0-C2DDC6FBA970}.Debug|Any CPU.ActiveCfg = Debug|Any CPU
		{9FDA9E71-B37F-46C2-ABA0-C2DDC6FBA970}.Debug|Any CPU.Build.0 = Debug|Any CPU
		{9FDA9E71-B37F-46C2-ABA0-C2DDC6FBA970}.Release|Any CPU.ActiveCfg = Release|Any CPU
		{9FDA9E71-B37F-46C2-ABA0-C2DDC6FBA970}.Release|Any CPU.Build.0 = Release|Any CPU
		{1AF56BC0-C94D-4587-80E7-734FF0ADD7C4}.Debug|Any CPU.ActiveCfg = Debug|Any CPU
		{1AF56BC0-C94D-4587-80E7-734FF0ADD7C4}.Debug|Any CPU.Build.0 = Debug|Any CPU
		{1AF56BC0-C94D-4587-80E7-734FF0ADD7C4}.Release|Any CPU.ActiveCfg = Release|Any CPU
		{1AF56BC0-C94D-4587-80E7-734FF0ADD7C4}.Release|Any CPU.Build.0 = Release|Any CPU
		{E56858BC-8640-4FC0-B840-E2C8BD50D326}.Debug|Any CPU.ActiveCfg = Debug|Any CPU
		{E56858BC-8640-4FC0-B840-E2C8BD50D326}.Debug|Any CPU.Build.0 = Debug|Any CPU
		{E56858BC-8640-4FC0-B840-E2C8BD50D326}.Release|Any CPU.ActiveCfg = Release|Any CPU
		{E56858BC-8640-4FC0-B840-E2C8BD50D326}.Release|Any CPU.Build.0 = Release|Any CPU
		{736B87C8-3406-4BD4-A14F-4590CF19F7FA}.Debug|Any CPU.ActiveCfg = Debug|Any CPU
		{736B87C8-3406-4BD4-A14F-4590CF19F7FA}.Debug|Any CPU.Build.0 = Debug|Any CPU
		{736B87C8-3406-4BD4-A14F-4590CF19F7FA}.Release|Any CPU.ActiveCfg = Release|Any CPU
		{736B87C8-3406-4BD4-A14F-4590CF19F7FA}.Release|Any CPU.Build.0 = Release|Any CPU
		{C9722533-B908-43BD-8857-FD61875A4795}.Debug|Any CPU.ActiveCfg = Debug|Any CPU
		{C9722533-B908-43BD-8857-FD61875A4795}.Debug|Any CPU.Build.0 = Debug|Any CPU
		{C9722533-B908-43BD-8857-FD61875A4795}.Release|Any CPU.ActiveCfg = Release|Any CPU
		{C9722533-B908-43BD-8857-FD61875A4795}.Release|Any CPU.Build.0 = Release|Any CPU
		{8A727681-4522-45B5-B63E-09A240217BD3}.Debug|Any CPU.ActiveCfg = Debug|Any CPU
		{8A727681-4522-45B5-B63E-09A240217BD3}.Debug|Any CPU.Build.0 = Debug|Any CPU
		{8A727681-4522-45B5-B63E-09A240217BD3}.Release|Any CPU.ActiveCfg = Release|Any CPU
		{8A727681-4522-45B5-B63E-09A240217BD3}.Release|Any CPU.Build.0 = Release|Any CPU
		{A7513D74-88FA-4AB3-9272-8BDD22CF09DA}.Debug|Any CPU.ActiveCfg = Debug|Any CPU
		{A7513D74-88FA-4AB3-9272-8BDD22CF09DA}.Debug|Any CPU.Build.0 = Debug|Any CPU
		{A7513D74-88FA-4AB3-9272-8BDD22CF09DA}.Release|Any CPU.ActiveCfg = Release|Any CPU
		{A7513D74-88FA-4AB3-9272-8BDD22CF09DA}.Release|Any CPU.Build.0 = Release|Any CPU
		{6595D6C9-096A-4F9D-9375-057709D203C4}.Debug|Any CPU.ActiveCfg = Debug|Any CPU
		{6595D6C9-096A-4F9D-9375-057709D203C4}.Debug|Any CPU.Build.0 = Debug|Any CPU
		{6595D6C9-096A-4F9D-9375-057709D203C4}.Release|Any CPU.ActiveCfg = Release|Any CPU
		{6595D6C9-096A-4F9D-9375-057709D203C4}.Release|Any CPU.Build.0 = Release|Any CPU
	EndGlobalSection
	GlobalSection(SolutionProperties) = preSolution
		HideSolutionNode = FALSE
	EndGlobalSection
	GlobalSection(NestedProjects) = preSolution
		{DA0A92F5-5753-46CC-85E4-59DE0D090B7C} = {8329644C-E7D6-4574-8FA6-2B4D6661E801}
		{C9DE6972-A1DA-4411-B1F7-0607E88983F3} = {2D7249D5-D9BE-4D2E-AA70-63D2B99CBE7B}
		{8329644C-E7D6-4574-8FA6-2B4D6661E801} = {2D7249D5-D9BE-4D2E-AA70-63D2B99CBE7B}
		{A6C44599-74A9-408E-A889-1863F863171A} = {2D7249D5-D9BE-4D2E-AA70-63D2B99CBE7B}
		{B3AC892A-E286-4A3F-8C42-0DF4917920E5} = {2D7249D5-D9BE-4D2E-AA70-63D2B99CBE7B}
		{43715A40-C252-4961-AE00-3AD818B1E7C0} = {2D7249D5-D9BE-4D2E-AA70-63D2B99CBE7B}
		{E3EBA589-C885-4928-9F7D-F1B1E239DAF7} = {43715A40-C252-4961-AE00-3AD818B1E7C0}
		{61FB6ADC-81EA-4374-A7AD-E68CF41678B0} = {B3AC892A-E286-4A3F-8C42-0DF4917920E5}
		{32D1321B-2E73-4297-BED5-BE0E76149CB5} = {A6C44599-74A9-408E-A889-1863F863171A}
		{6F31178C-6E84-40C5-8579-151CC0778B35} = {2D7249D5-D9BE-4D2E-AA70-63D2B99CBE7B}
		{8838512B-D148-458D-988B-DD012F7CE587} = {6F31178C-6E84-40C5-8579-151CC0778B35}
		{FA4570B6-B690-4C04-98B5-86E312E1762E} = {2D7249D5-D9BE-4D2E-AA70-63D2B99CBE7B}
		{9FDA9E71-B37F-46C2-ABA0-C2DDC6FBA970} = {FA4570B6-B690-4C04-98B5-86E312E1762E}
		{1AF56BC0-C94D-4587-80E7-734FF0ADD7C4} = {FA4570B6-B690-4C04-98B5-86E312E1762E}
		{B6FBF66C-811D-4C63-A194-4406C165F24B} = {2D7249D5-D9BE-4D2E-AA70-63D2B99CBE7B}
		{E56858BC-8640-4FC0-B840-E2C8BD50D326} = {B6FBF66C-811D-4C63-A194-4406C165F24B}
		{372BBDC5-89EB-44FC-9706-207C7DBA1928} = {2D7249D5-D9BE-4D2E-AA70-63D2B99CBE7B}
		{736B87C8-3406-4BD4-A14F-4590CF19F7FA} = {372BBDC5-89EB-44FC-9706-207C7DBA1928}
		{67544661-5C89-4633-A1B1-63D959AF238A} = {2D7249D5-D9BE-4D2E-AA70-63D2B99CBE7B}
		{53ED3575-7D7E-43A6-B82C-A6BEF7EDB341} = {2D7249D5-D9BE-4D2E-AA70-63D2B99CBE7B}
		{C9722533-B908-43BD-8857-FD61875A4795} = {67544661-5C89-4633-A1B1-63D959AF238A}
		{8A727681-4522-45B5-B63E-09A240217BD3} = {53ED3575-7D7E-43A6-B82C-A6BEF7EDB341}
		{90436459-C1F5-453B-BD2F-5AFEE4D2FB76} = {2D7249D5-D9BE-4D2E-AA70-63D2B99CBE7B}
		{A7513D74-88FA-4AB3-9272-8BDD22CF09DA} = {90436459-C1F5-453B-BD2F-5AFEE4D2FB76}
		{693ED681-D0FF-444A-BEE3-FA4E47FFCE5D} = {2D7249D5-D9BE-4D2E-AA70-63D2B99CBE7B}
		{6595D6C9-096A-4F9D-9375-057709D203C4} = {693ED681-D0FF-444A-BEE3-FA4E47FFCE5D}
	EndGlobalSection
	GlobalSection(ExtensibilityGlobals) = postSolution
		SolutionGuid = {AD669E3F-5BDD-426F-B405-A6B7077199F3}
	EndGlobalSection
EndGlobal
