Microsoft Visual Studio Solution File, Format Version 12.00
# Visual Studio Version 18
VisualStudioVersion = 18.0.11205.157
MinimumVisualStudioVersion = 10.0.40219.1
Project("{2150E333-8FDC-42A3-9474-1A3956D46DE8}") = "Solution Items", "Solution Items", "{329B0BD4-71DA-4DDE-860B-6F21486E9C70}"
EndProject
Project("{9A19103F-16F7-4668-BE54-9A1E7A4F7556}") = "Day02", "2024\day02\Day02.csproj", "{DA0A92F5-5753-46CC-85E4-59DE0D090B7C}"
EndProject
Project("{2150E333-8FDC-42A3-9474-1A3956D46DE8}") = "2024", "2024", "{2D7249D5-D9BE-4D2E-AA70-63D2B99CBE7B}"
EndProject
Project("{2150E333-8FDC-42A3-9474-1A3956D46DE8}") = "day01", "day01", "{C9DE6972-A1DA-4411-B1F7-0607E88983F3}"
	ProjectSection(SolutionItems) = preProject
		2024\day01\2024_01.xlsx = 2024\day01\2024_01.xlsx
		2024\day01\README.md = 2024\day01\README.md
	EndProjectSection
EndProject
Project("{2150E333-8FDC-42A3-9474-1A3956D46DE8}") = "day02", "day02", "{8329644C-E7D6-4574-8FA6-2B4D6661E801}"
EndProject
Project("{2150E333-8FDC-42A3-9474-1A3956D46DE8}") = "day03", "day03", "{A6C44599-74A9-408E-A889-1863F863171A}"
EndProject
Project("{2150E333-8FDC-42A3-9474-1A3956D46DE8}") = "day04", "day04", "{B3AC892A-E286-4A3F-8C42-0DF4917920E5}"
EndProject
Project("{2150E333-8FDC-42A3-9474-1A3956D46DE8}") = "day05", "day05", "{43715A40-C252-4961-AE00-3AD818B1E7C0}"
EndProject
Project("{9A19103F-16F7-4668-BE54-9A1E7A4F7556}") = "day05", "2024\day05\day05.csproj", "{E3EBA589-C885-4928-9F7D-F1B1E239DAF7}"
EndProject
Project("{9A19103F-16F7-4668-BE54-9A1E7A4F7556}") = "day04", "2024\day04\day04.csproj", "{61FB6ADC-81EA-4374-A7AD-E68CF41678B0}"
EndProject
Project("{9A19103F-16F7-4668-BE54-9A1E7A4F7556}") = "day03", "2024\day03\day03.csproj", "{32D1321B-2E73-4297-BED5-BE0E76149CB5}"
EndProject
Project("{2150E333-8FDC-42A3-9474-1A3956D46DE8}") = "day06", "day06", "{6F31178C-6E84-40C5-8579-151CC0778B35}"
EndProject
Project("{9A19103F-16F7-4668-BE54-9A1E7A4F7556}") = "day06", "2024\day06\day06.csproj", "{8838512B-D148-458D-988B-DD012F7CE587}"
EndProject
Project("{2150E333-8FDC-42A3-9474-1A3956D46DE8}") = "day07", "day07", "{FA4570B6-B690-4C04-98B5-86E312E1762E}"
EndProject
Project("{9A19103F-16F7-4668-BE54-9A1E7A4F7556}") = "day07", "2024\day07\day07_csharp\day07.csproj", "{9FDA9E71-B37F-46C2-ABA0-C2DDC6FBA970}"
EndProject
Project("{6EC3EE1D-3C4E-46DD-8F32-0CC8E7565705}") = "day07_fsharp", "2024\day07\day07_fsharp\day07_fsharp.fsproj", "{1AF56BC0-C94D-4587-80E7-734FF0ADD7C4}"
EndProject
Project("{2150E333-8FDC-42A3-9474-1A3956D46DE8}") = "day08", "day08", "{B6FBF66C-811D-4C63-A194-4406C165F24B}"
EndProject
Project("{9A19103F-16F7-4668-BE54-9A1E7A4F7556}") = "day08", "2024\day08\day08.csproj", "{E56858BC-8640-4FC0-B840-E2C8BD50D326}"
EndProject
Project("{2150E333-8FDC-42A3-9474-1A3956D46DE8}") = "day09", "day09", "{372BBDC5-89EB-44FC-9706-207C7DBA1928}"
EndProject
Project("{FAE04EC0-301F-11D3-BF4B-00C04F79EFBC}") = "day09", "2024\day09\day09.csproj", "{736B87C8-3406-4BD4-A14F-4590CF19F7FA}"
EndProject
Project("{2150E333-8FDC-42A3-9474-1A3956D46DE8}") = "day10", "day10", "{67544661-5C89-4633-A1B1-63D959AF238A}"
EndProject
Project("{2150E333-8FDC-42A3-9474-1A3956D46DE8}") = "day11", "day11", "{53ED3575-7D7E-43A6-B82C-A6BEF7EDB341}"
EndProject
Project("{FAE04EC0-301F-11D3-BF4B-00C04F79EFBC}") = "day10", "2024\day10\day10.csproj", "{C9722533-B908-43BD-8857-FD61875A4795}"
EndProject
Project("{FAE04EC0-301F-11D3-BF4B-00C04F79EFBC}") = "day11", "2024\day11\csharp\day11.csproj", "{8A727681-4522-45B5-B63E-09A240217BD3}"
EndProject
Project("{2150E333-8FDC-42A3-9474-1A3956D46DE8}") = "day12", "day12", "{90436459-C1F5-453B-BD2F-5AFEE4D2FB76}"
EndProject
Project("{FAE04EC0-301F-11D3-BF4B-00C04F79EFBC}") = "day12", "2024\day12\day12.csproj", "{A7513D74-88FA-4AB3-9272-8BDD22CF09DA}"
EndProject
Project("{2150E333-8FDC-42A3-9474-1A3956D46DE8}") = "day13", "day13", "{693ED681-D0FF-444A-BEE3-FA4E47FFCE5D}"
EndProject
Project("{FAE04EC0-301F-11D3-BF4B-00C04F79EFBC}") = "day13", "2024\day13\day13.csproj", "{6595D6C9-096A-4F9D-9375-057709D203C4}"
EndProject
Project("{FAE04EC0-301F-11D3-BF4B-00C04F79EFBC}") = "Example", "Example\Example.csproj", "{9EC2C5BD-426C-47C6-9F70-A9C6F71265D9}"
EndProject
Project("{2150E333-8FDC-42A3-9474-1A3956D46DE8}") = "day14", "day14", "{D5490AEA-8D29-4677-AD6B-FAE14BF7A687}"
EndProject
Project("{FAE04EC0-301F-11D3-BF4B-00C04F79EFBC}") = "day14", "2024\day14\day14.csproj", "{CFE4E6A3-040B-45A6-A379-827F1CCA071C}"
EndProject
Project("{2150E333-8FDC-42A3-9474-1A3956D46DE8}") = "day15", "day15", "{9D8707DE-69DA-465A-AB05-409B1D349130}"
EndProject
Project("{FAE04EC0-301F-11D3-BF4B-00C04F79EFBC}") = "day15", "2024\day15\day15.csproj", "{E31B452D-E84C-49DB-A7D1-C583FFE08B35}"
EndProject
Project("{2150E333-8FDC-42A3-9474-1A3956D46DE8}") = "day16", "day16", "{1CC88605-5900-4B7A-A352-D0EACC4FB85E}"
EndProject
Project("{FAE04EC0-301F-11D3-BF4B-00C04F79EFBC}") = "day16", "2024\day16\day16.csproj", "{DFB631CE-5DE4-4A6B-8C6A-6556FCE409FA}"
EndProject
Project("{2150E333-8FDC-42A3-9474-1A3956D46DE8}") = "day17", "day17", "{4EE792FD-61B9-4231-8F11-50695C600B2A}"
EndProject
Project("{2150E333-8FDC-42A3-9474-1A3956D46DE8}") = "smart", "smart", "{3B80D8C0-2F2E-4B41-8214-7B347F15052D}"
EndProject
Project("{2150E333-8FDC-42A3-9474-1A3956D46DE8}") = "brute", "brute", "{F3324508-9A28-4C7E-9606-9FF8546CF727}"
EndProject
Project("{FAE04EC0-301F-11D3-BF4B-00C04F79EFBC}") = "day17", "2024\day17\smart\day17.csproj", "{FA466402-EFCC-4152-87A4-83A454ED97D7}"
EndProject
Project("{FAE04EC0-301F-11D3-BF4B-00C04F79EFBC}") = "day17-brute", "2024\day17\brute\day17-brute.csproj", "{F3C398B6-0CEA-4259-994D-9B75502A31CB}"
EndProject
Project("{2150E333-8FDC-42A3-9474-1A3956D46DE8}") = "day18", "day18", "{333CD2AF-1942-4052-B6C4-A5003AF372A8}"
EndProject
Project("{2150E333-8FDC-42A3-9474-1A3956D46DE8}") = "original", "original", "{34DEFFBC-777D-482A-8666-DDEA8444837C}"
EndProject
Project("{2150E333-8FDC-42A3-9474-1A3956D46DE8}") = "better", "better", "{75ED4F50-2375-4D8C-AD17-B7311E729AD6}"
EndProject
Project("{FAE04EC0-301F-11D3-BF4B-00C04F79EFBC}") = "day18_better", "2024\day18\better\day18_better.csproj", "{F3561E2E-8F16-465B-AA4E-6925C1A010A4}"
EndProject
Project("{FAE04EC0-301F-11D3-BF4B-00C04F79EFBC}") = "day18", "2024\day18\original\day18.csproj", "{386819C0-6ACD-45D1-95FC-71C9C19292A3}"
EndProject
Project("{2150E333-8FDC-42A3-9474-1A3956D46DE8}") = "day19", "day19", "{7A7CD181-790F-4FFC-8850-F4E98347A7BE}"
EndProject
Project("{FAE04EC0-301F-11D3-BF4B-00C04F79EFBC}") = "day19", "2024\day19\day19.csproj", "{5DD0D3BE-EAF9-4AF9-8BA7-500C7C0DDF1E}"
EndProject
Project("{2150E333-8FDC-42A3-9474-1A3956D46DE8}") = "day20", "day20", "{2FFFD56D-1F57-4876-B3DC-7E5C9375BCA6}"
EndProject
Project("{FAE04EC0-301F-11D3-BF4B-00C04F79EFBC}") = "day20", "2024\day20\day20.csproj", "{8ECDFB98-1628-468C-9966-4182D611C2CC}"
EndProject
Project("{2150E333-8FDC-42A3-9474-1A3956D46DE8}") = "day21", "day21", "{5A0A560E-79F9-4E07-B6E4-E80BBA27B80D}"
EndProject
Project("{2150E333-8FDC-42A3-9474-1A3956D46DE8}") = "recursive", "recursive", "{2769CDCD-553E-4AFD-BD94-AD0CA2BB570E}"
EndProject
Project("{2150E333-8FDC-42A3-9474-1A3956D46DE8}") = "brute", "brute", "{C1DDC3DB-9807-47D2-A5E6-72A5262485C1}"
EndProject
Project("{FAE04EC0-301F-11D3-BF4B-00C04F79EFBC}") = "day21", "2024\day21\recursive\day21.csproj", "{3E8D6CB1-F684-4624-9094-1D4A8F891A25}"
EndProject
Project("{FAE04EC0-301F-11D3-BF4B-00C04F79EFBC}") = "day21_brute", "2024\day21\brute\day21_brute.csproj", "{C9BF18EC-8096-4992-B571-80B02FE60895}"
EndProject
Project("{2150E333-8FDC-42A3-9474-1A3956D46DE8}") = "day22", "day22", "{6BF4B7B9-1925-4882-9829-14A6B942938B}"
EndProject
Project("{FAE04EC0-301F-11D3-BF4B-00C04F79EFBC}") = "day22", "2024\day22\day22.csproj", "{A8B8BA41-B19B-4956-9C6B-4E9038592B4F}"
EndProject
Project("{2150E333-8FDC-42A3-9474-1A3956D46DE8}") = "day23", "day23", "{5FC26994-110C-405A-B1A0-1F4DC81AB6C5}"
EndProject
Project("{FAE04EC0-301F-11D3-BF4B-00C04F79EFBC}") = "day23", "2024\day23\day23.csproj", "{F7150693-DC39-41B2-B82D-E5EB60C91062}"
EndProject
Project("{2150E333-8FDC-42A3-9474-1A3956D46DE8}") = "day24", "day24", "{594F1780-5480-4FC3-85B9-C78A3ABAF711}"
EndProject
Project("{FAE04EC0-301F-11D3-BF4B-00C04F79EFBC}") = "day24", "2024\day24\day24.csproj", "{D829F5F2-DEB5-4717-8FE6-BEBA960444BD}"
EndProject
Project("{2150E333-8FDC-42A3-9474-1A3956D46DE8}") = "day25", "day25", "{F4A825DE-063F-4975-885D-A1E201FF4013}"
EndProject
Project("{FAE04EC0-301F-11D3-BF4B-00C04F79EFBC}") = "day25", "2024\day25\day25.csproj", "{D96F8B7C-9CB4-4CF9-9139-98585CE74424}"
EndProject
Project("{2150E333-8FDC-42A3-9474-1A3956D46DE8}") = "2025", "2025", "{5F6C50C9-F8E8-49C7-9F07-C3304EB090D3}"
EndProject
Project("{2150E333-8FDC-42A3-9474-1A3956D46DE8}") = "day01", "day01", "{49AAE1D0-541E-42F8-9C48-D0D9CC782AD8}"
	ProjectSection(SolutionItems) = preProject
		2025\day01\2025_1.xlsx = 2025\day01\2025_1.xlsx
		2025\day01\2025_2.xlsx = 2025\day01\2025_2.xlsx
	EndProjectSection
EndProject
Project("{2150E333-8FDC-42A3-9474-1A3956D46DE8}") = "day02", "day02", "{074CA21B-6FB5-43AB-92D3-2897907C5481}"
EndProject
Project("{FAE04EC0-301F-11D3-BF4B-00C04F79EFBC}") = "Day01", "2025\day01\csharp\Day01.csproj", "{6130F1DD-DD18-FFB1-06A9-2FEDB473B0A4}"
EndProject
Project("{FAE04EC0-301F-11D3-BF4B-00C04F79EFBC}") = "day02", "2025\day02\naive\day02.csproj", "{68E28835-98F9-925F-F9AA-9106D9E5901C}"
EndProject
Project("{FAE04EC0-301F-11D3-BF4B-00C04F79EFBC}") = "day02_regex", "2025\day02\day02_regex\day02_regex.csproj", "{218DD81E-3B73-B236-5A61-55F937C357B7}"
EndProject
Global
	GlobalSection(SolutionConfigurationPlatforms) = preSolution
		Debug|Any CPU = Debug|Any CPU
		Release|Any CPU = Release|Any CPU
	EndGlobalSection
	GlobalSection(ProjectConfigurationPlatforms) = postSolution
		{DA0A92F5-5753-46CC-85E4-59DE0D090B7C}.Debug|Any CPU.ActiveCfg = Debug|Any CPU
		{DA0A92F5-5753-46CC-85E4-59DE0D090B7C}.Debug|Any CPU.Build.0 = Debug|Any CPU
		{DA0A92F5-5753-46CC-85E4-59DE0D090B7C}.Release|Any CPU.ActiveCfg = Release|Any CPU
		{DA0A92F5-5753-46CC-85E4-59DE0D090B7C}.Release|Any CPU.Build.0 = Release|Any CPU
		{E3EBA589-C885-4928-9F7D-F1B1E239DAF7}.Debug|Any CPU.ActiveCfg = Debug|Any CPU
		{E3EBA589-C885-4928-9F7D-F1B1E239DAF7}.Debug|Any CPU.Build.0 = Debug|Any CPU
		{E3EBA589-C885-4928-9F7D-F1B1E239DAF7}.Release|Any CPU.ActiveCfg = Release|Any CPU
		{E3EBA589-C885-4928-9F7D-F1B1E239DAF7}.Release|Any CPU.Build.0 = Release|Any CPU
		{61FB6ADC-81EA-4374-A7AD-E68CF41678B0}.Debug|Any CPU.ActiveCfg = Debug|Any CPU
		{61FB6ADC-81EA-4374-A7AD-E68CF41678B0}.Debug|Any CPU.Build.0 = Debug|Any CPU
		{61FB6ADC-81EA-4374-A7AD-E68CF41678B0}.Release|Any CPU.ActiveCfg = Release|Any CPU
		{61FB6ADC-81EA-4374-A7AD-E68CF41678B0}.Release|Any CPU.Build.0 = Release|Any CPU
		{32D1321B-2E73-4297-BED5-BE0E76149CB5}.Debug|Any CPU.ActiveCfg = Debug|Any CPU
		{32D1321B-2E73-4297-BED5-BE0E76149CB5}.Debug|Any CPU.Build.0 = Debug|Any CPU
		{32D1321B-2E73-4297-BED5-BE0E76149CB5}.Release|Any CPU.ActiveCfg = Release|Any CPU
		{32D1321B-2E73-4297-BED5-BE0E76149CB5}.Release|Any CPU.Build.0 = Release|Any CPU
		{8838512B-D148-458D-988B-DD012F7CE587}.Debug|Any CPU.ActiveCfg = Debug|Any CPU
		{8838512B-D148-458D-988B-DD012F7CE587}.Debug|Any CPU.Build.0 = Debug|Any CPU
		{8838512B-D148-458D-988B-DD012F7CE587}.Release|Any CPU.ActiveCfg = Release|Any CPU
		{8838512B-D148-458D-988B-DD012F7CE587}.Release|Any CPU.Build.0 = Release|Any CPU
		{9FDA9E71-B37F-46C2-ABA0-C2DDC6FBA970}.Debug|Any CPU.ActiveCfg = Debug|Any CPU
		{9FDA9E71-B37F-46C2-ABA0-C2DDC6FBA970}.Debug|Any CPU.Build.0 = Debug|Any CPU
		{9FDA9E71-B37F-46C2-ABA0-C2DDC6FBA970}.Release|Any CPU.ActiveCfg = Release|Any CPU
		{9FDA9E71-B37F-46C2-ABA0-C2DDC6FBA970}.Release|Any CPU.Build.0 = Release|Any CPU
		{1AF56BC0-C94D-4587-80E7-734FF0ADD7C4}.Debug|Any CPU.ActiveCfg = Debug|Any CPU
		{1AF56BC0-C94D-4587-80E7-734FF0ADD7C4}.Debug|Any CPU.Build.0 = Debug|Any CPU
		{1AF56BC0-C94D-4587-80E7-734FF0ADD7C4}.Release|Any CPU.ActiveCfg = Release|Any CPU
		{1AF56BC0-C94D-4587-80E7-734FF0ADD7C4}.Release|Any CPU.Build.0 = Release|Any CPU
		{E56858BC-8640-4FC0-B840-E2C8BD50D326}.Debug|Any CPU.ActiveCfg = Debug|Any CPU
		{E56858BC-8640-4FC0-B840-E2C8BD50D326}.Debug|Any CPU.Build.0 = Debug|Any CPU
		{E56858BC-8640-4FC0-B840-E2C8BD50D326}.Release|Any CPU.ActiveCfg = Release|Any CPU
		{E56858BC-8640-4FC0-B840-E2C8BD50D326}.Release|Any CPU.Build.0 = Release|Any CPU
		{736B87C8-3406-4BD4-A14F-4590CF19F7FA}.Debug|Any CPU.ActiveCfg = Debug|Any CPU
		{736B87C8-3406-4BD4-A14F-4590CF19F7FA}.Debug|Any CPU.Build.0 = Debug|Any CPU
		{736B87C8-3406-4BD4-A14F-4590CF19F7FA}.Release|Any CPU.ActiveCfg = Release|Any CPU
		{736B87C8-3406-4BD4-A14F-4590CF19F7FA}.Release|Any CPU.Build.0 = Release|Any CPU
		{C9722533-B908-43BD-8857-FD61875A4795}.Debug|Any CPU.ActiveCfg = Debug|Any CPU
		{C9722533-B908-43BD-8857-FD61875A4795}.Debug|Any CPU.Build.0 = Debug|Any CPU
		{C9722533-B908-43BD-8857-FD61875A4795}.Release|Any CPU.ActiveCfg = Release|Any CPU
		{C9722533-B908-43BD-8857-FD61875A4795}.Release|Any CPU.Build.0 = Release|Any CPU
		{8A727681-4522-45B5-B63E-09A240217BD3}.Debug|Any CPU.ActiveCfg = Debug|Any CPU
		{8A727681-4522-45B5-B63E-09A240217BD3}.Debug|Any CPU.Build.0 = Debug|Any CPU
		{8A727681-4522-45B5-B63E-09A240217BD3}.Release|Any CPU.ActiveCfg = Release|Any CPU
		{8A727681-4522-45B5-B63E-09A240217BD3}.Release|Any CPU.Build.0 = Release|Any CPU
		{A7513D74-88FA-4AB3-9272-8BDD22CF09DA}.Debug|Any CPU.ActiveCfg = Debug|Any CPU
		{A7513D74-88FA-4AB3-9272-8BDD22CF09DA}.Debug|Any CPU.Build.0 = Debug|Any CPU
		{A7513D74-88FA-4AB3-9272-8BDD22CF09DA}.Release|Any CPU.ActiveCfg = Release|Any CPU
		{A7513D74-88FA-4AB3-9272-8BDD22CF09DA}.Release|Any CPU.Build.0 = Release|Any CPU
		{6595D6C9-096A-4F9D-9375-057709D203C4}.Debug|Any CPU.ActiveCfg = Debug|Any CPU
		{6595D6C9-096A-4F9D-9375-057709D203C4}.Debug|Any CPU.Build.0 = Debug|Any CPU
		{6595D6C9-096A-4F9D-9375-057709D203C4}.Release|Any CPU.ActiveCfg = Release|Any CPU
		{6595D6C9-096A-4F9D-9375-057709D203C4}.Release|Any CPU.Build.0 = Release|Any CPU
		{9EC2C5BD-426C-47C6-9F70-A9C6F71265D9}.Debug|Any CPU.ActiveCfg = Debug|Any CPU
		{9EC2C5BD-426C-47C6-9F70-A9C6F71265D9}.Debug|Any CPU.Build.0 = Debug|Any CPU
		{9EC2C5BD-426C-47C6-9F70-A9C6F71265D9}.Release|Any CPU.ActiveCfg = Release|Any CPU
		{9EC2C5BD-426C-47C6-9F70-A9C6F71265D9}.Release|Any CPU.Build.0 = Release|Any CPU
		{CFE4E6A3-040B-45A6-A379-827F1CCA071C}.Debug|Any CPU.ActiveCfg = Debug|Any CPU
		{CFE4E6A3-040B-45A6-A379-827F1CCA071C}.Debug|Any CPU.Build.0 = Debug|Any CPU
		{CFE4E6A3-040B-45A6-A379-827F1CCA071C}.Release|Any CPU.ActiveCfg = Release|Any CPU
		{CFE4E6A3-040B-45A6-A379-827F1CCA071C}.Release|Any CPU.Build.0 = Release|Any CPU
		{E31B452D-E84C-49DB-A7D1-C583FFE08B35}.Debug|Any CPU.ActiveCfg = Debug|Any CPU
		{E31B452D-E84C-49DB-A7D1-C583FFE08B35}.Debug|Any CPU.Build.0 = Debug|Any CPU
		{E31B452D-E84C-49DB-A7D1-C583FFE08B35}.Release|Any CPU.ActiveCfg = Release|Any CPU
		{E31B452D-E84C-49DB-A7D1-C583FFE08B35}.Release|Any CPU.Build.0 = Release|Any CPU
		{DFB631CE-5DE4-4A6B-8C6A-6556FCE409FA}.Debug|Any CPU.ActiveCfg = Debug|Any CPU
		{DFB631CE-5DE4-4A6B-8C6A-6556FCE409FA}.Debug|Any CPU.Build.0 = Debug|Any CPU
		{DFB631CE-5DE4-4A6B-8C6A-6556FCE409FA}.Release|Any CPU.ActiveCfg = Release|Any CPU
		{DFB631CE-5DE4-4A6B-8C6A-6556FCE409FA}.Release|Any CPU.Build.0 = Release|Any CPU
		{FA466402-EFCC-4152-87A4-83A454ED97D7}.Debug|Any CPU.ActiveCfg = Debug|Any CPU
		{FA466402-EFCC-4152-87A4-83A454ED97D7}.Debug|Any CPU.Build.0 = Debug|Any CPU
		{FA466402-EFCC-4152-87A4-83A454ED97D7}.Release|Any CPU.ActiveCfg = Release|Any CPU
		{FA466402-EFCC-4152-87A4-83A454ED97D7}.Release|Any CPU.Build.0 = Release|Any CPU
		{F3C398B6-0CEA-4259-994D-9B75502A31CB}.Debug|Any CPU.ActiveCfg = Debug|Any CPU
		{F3C398B6-0CEA-4259-994D-9B75502A31CB}.Debug|Any CPU.Build.0 = Debug|Any CPU
		{F3C398B6-0CEA-4259-994D-9B75502A31CB}.Release|Any CPU.ActiveCfg = Release|Any CPU
		{F3C398B6-0CEA-4259-994D-9B75502A31CB}.Release|Any CPU.Build.0 = Release|Any CPU
		{F3561E2E-8F16-465B-AA4E-6925C1A010A4}.Debug|Any CPU.ActiveCfg = Debug|Any CPU
		{F3561E2E-8F16-465B-AA4E-6925C1A010A4}.Debug|Any CPU.Build.0 = Debug|Any CPU
		{F3561E2E-8F16-465B-AA4E-6925C1A010A4}.Release|Any CPU.ActiveCfg = Release|Any CPU
		{F3561E2E-8F16-465B-AA4E-6925C1A010A4}.Release|Any CPU.Build.0 = Release|Any CPU
		{386819C0-6ACD-45D1-95FC-71C9C19292A3}.Debug|Any CPU.ActiveCfg = Debug|Any CPU
		{386819C0-6ACD-45D1-95FC-71C9C19292A3}.Debug|Any CPU.Build.0 = Debug|Any CPU
		{386819C0-6ACD-45D1-95FC-71C9C19292A3}.Release|Any CPU.ActiveCfg = Release|Any CPU
		{386819C0-6ACD-45D1-95FC-71C9C19292A3}.Release|Any CPU.Build.0 = Release|Any CPU
		{5DD0D3BE-EAF9-4AF9-8BA7-500C7C0DDF1E}.Debug|Any CPU.ActiveCfg = Debug|Any CPU
		{5DD0D3BE-EAF9-4AF9-8BA7-500C7C0DDF1E}.Debug|Any CPU.Build.0 = Debug|Any CPU
		{5DD0D3BE-EAF9-4AF9-8BA7-500C7C0DDF1E}.Release|Any CPU.ActiveCfg = Release|Any CPU
		{5DD0D3BE-EAF9-4AF9-8BA7-500C7C0DDF1E}.Release|Any CPU.Build.0 = Release|Any CPU
		{8ECDFB98-1628-468C-9966-4182D611C2CC}.Debug|Any CPU.ActiveCfg = Debug|Any CPU
		{8ECDFB98-1628-468C-9966-4182D611C2CC}.Debug|Any CPU.Build.0 = Debug|Any CPU
		{8ECDFB98-1628-468C-9966-4182D611C2CC}.Release|Any CPU.ActiveCfg = Release|Any CPU
		{8ECDFB98-1628-468C-9966-4182D611C2CC}.Release|Any CPU.Build.0 = Release|Any CPU
		{3E8D6CB1-F684-4624-9094-1D4A8F891A25}.Debug|Any CPU.ActiveCfg = Debug|Any CPU
		{3E8D6CB1-F684-4624-9094-1D4A8F891A25}.Debug|Any CPU.Build.0 = Debug|Any CPU
		{3E8D6CB1-F684-4624-9094-1D4A8F891A25}.Release|Any CPU.ActiveCfg = Release|Any CPU
		{3E8D6CB1-F684-4624-9094-1D4A8F891A25}.Release|Any CPU.Build.0 = Release|Any CPU
		{C9BF18EC-8096-4992-B571-80B02FE60895}.Debug|Any CPU.ActiveCfg = Debug|Any CPU
		{C9BF18EC-8096-4992-B571-80B02FE60895}.Debug|Any CPU.Build.0 = Debug|Any CPU
		{C9BF18EC-8096-4992-B571-80B02FE60895}.Release|Any CPU.ActiveCfg = Release|Any CPU
		{C9BF18EC-8096-4992-B571-80B02FE60895}.Release|Any CPU.Build.0 = Release|Any CPU
		{A8B8BA41-B19B-4956-9C6B-4E9038592B4F}.Debug|Any CPU.ActiveCfg = Debug|Any CPU
		{A8B8BA41-B19B-4956-9C6B-4E9038592B4F}.Debug|Any CPU.Build.0 = Debug|Any CPU
		{A8B8BA41-B19B-4956-9C6B-4E9038592B4F}.Release|Any CPU.ActiveCfg = Release|Any CPU
		{A8B8BA41-B19B-4956-9C6B-4E9038592B4F}.Release|Any CPU.Build.0 = Release|Any CPU
		{F7150693-DC39-41B2-B82D-E5EB60C91062}.Debug|Any CPU.ActiveCfg = Debug|Any CPU
		{F7150693-DC39-41B2-B82D-E5EB60C91062}.Debug|Any CPU.Build.0 = Debug|Any CPU
		{F7150693-DC39-41B2-B82D-E5EB60C91062}.Release|Any CPU.ActiveCfg = Release|Any CPU
		{F7150693-DC39-41B2-B82D-E5EB60C91062}.Release|Any CPU.Build.0 = Release|Any CPU
		{D829F5F2-DEB5-4717-8FE6-BEBA960444BD}.Debug|Any CPU.ActiveCfg = Debug|Any CPU
		{D829F5F2-DEB5-4717-8FE6-BEBA960444BD}.Debug|Any CPU.Build.0 = Debug|Any CPU
		{D829F5F2-DEB5-4717-8FE6-BEBA960444BD}.Release|Any CPU.ActiveCfg = Release|Any CPU
		{D829F5F2-DEB5-4717-8FE6-BEBA960444BD}.Release|Any CPU.Build.0 = Release|Any CPU
		{D96F8B7C-9CB4-4CF9-9139-98585CE74424}.Debug|Any CPU.ActiveCfg = Debug|Any CPU
		{D96F8B7C-9CB4-4CF9-9139-98585CE74424}.Debug|Any CPU.Build.0 = Debug|Any CPU
		{D96F8B7C-9CB4-4CF9-9139-98585CE74424}.Release|Any CPU.ActiveCfg = Release|Any CPU
		{D96F8B7C-9CB4-4CF9-9139-98585CE74424}.Release|Any CPU.Build.0 = Release|Any CPU
		{6130F1DD-DD18-FFB1-06A9-2FEDB473B0A4}.Debug|Any CPU.ActiveCfg = Debug|Any CPU
		{6130F1DD-DD18-FFB1-06A9-2FEDB473B0A4}.Debug|Any CPU.Build.0 = Debug|Any CPU
		{6130F1DD-DD18-FFB1-06A9-2FEDB473B0A4}.Release|Any CPU.ActiveCfg = Release|Any CPU
		{6130F1DD-DD18-FFB1-06A9-2FEDB473B0A4}.Release|Any CPU.Build.0 = Release|Any CPU
		{68E28835-98F9-925F-F9AA-9106D9E5901C}.Debug|Any CPU.ActiveCfg = Debug|Any CPU
		{68E28835-98F9-925F-F9AA-9106D9E5901C}.Debug|Any CPU.Build.0 = Debug|Any CPU
		{68E28835-98F9-925F-F9AA-9106D9E5901C}.Release|Any CPU.ActiveCfg = Release|Any CPU
		{68E28835-98F9-925F-F9AA-9106D9E5901C}.Release|Any CPU.Build.0 = Release|Any CPU
		{218DD81E-3B73-B236-5A61-55F937C357B7}.Debug|Any CPU.ActiveCfg = Debug|Any CPU
		{218DD81E-3B73-B236-5A61-55F937C357B7}.Debug|Any CPU.Build.0 = Debug|Any CPU
		{218DD81E-3B73-B236-5A61-55F937C357B7}.Release|Any CPU.ActiveCfg = Release|Any CPU
		{218DD81E-3B73-B236-5A61-55F937C357B7}.Release|Any CPU.Build.0 = Release|Any CPU
	EndGlobalSection
	GlobalSection(SolutionProperties) = preSolution
		HideSolutionNode = FALSE
	EndGlobalSection
	GlobalSection(NestedProjects) = preSolution
		{DA0A92F5-5753-46CC-85E4-59DE0D090B7C} = {8329644C-E7D6-4574-8FA6-2B4D6661E801}
		{C9DE6972-A1DA-4411-B1F7-0607E88983F3} = {2D7249D5-D9BE-4D2E-AA70-63D2B99CBE7B}
		{8329644C-E7D6-4574-8FA6-2B4D6661E801} = {2D7249D5-D9BE-4D2E-AA70-63D2B99CBE7B}
		{A6C44599-74A9-408E-A889-1863F863171A} = {2D7249D5-D9BE-4D2E-AA70-63D2B99CBE7B}
		{B3AC892A-E286-4A3F-8C42-0DF4917920E5} = {2D7249D5-D9BE-4D2E-AA70-63D2B99CBE7B}
		{43715A40-C252-4961-AE00-3AD818B1E7C0} = {2D7249D5-D9BE-4D2E-AA70-63D2B99CBE7B}
		{E3EBA589-C885-4928-9F7D-F1B1E239DAF7} = {43715A40-C252-4961-AE00-3AD818B1E7C0}
		{61FB6ADC-81EA-4374-A7AD-E68CF41678B0} = {B3AC892A-E286-4A3F-8C42-0DF4917920E5}
		{32D1321B-2E73-4297-BED5-BE0E76149CB5} = {A6C44599-74A9-408E-A889-1863F863171A}
		{6F31178C-6E84-40C5-8579-151CC0778B35} = {2D7249D5-D9BE-4D2E-AA70-63D2B99CBE7B}
		{8838512B-D148-458D-988B-DD012F7CE587} = {6F31178C-6E84-40C5-8579-151CC0778B35}
		{FA4570B6-B690-4C04-98B5-86E312E1762E} = {2D7249D5-D9BE-4D2E-AA70-63D2B99CBE7B}
		{9FDA9E71-B37F-46C2-ABA0-C2DDC6FBA970} = {FA4570B6-B690-4C04-98B5-86E312E1762E}
		{1AF56BC0-C94D-4587-80E7-734FF0ADD7C4} = {FA4570B6-B690-4C04-98B5-86E312E1762E}
		{B6FBF66C-811D-4C63-A194-4406C165F24B} = {2D7249D5-D9BE-4D2E-AA70-63D2B99CBE7B}
		{E56858BC-8640-4FC0-B840-E2C8BD50D326} = {B6FBF66C-811D-4C63-A194-4406C165F24B}
		{372BBDC5-89EB-44FC-9706-207C7DBA1928} = {2D7249D5-D9BE-4D2E-AA70-63D2B99CBE7B}
		{736B87C8-3406-4BD4-A14F-4590CF19F7FA} = {372BBDC5-89EB-44FC-9706-207C7DBA1928}
		{67544661-5C89-4633-A1B1-63D959AF238A} = {2D7249D5-D9BE-4D2E-AA70-63D2B99CBE7B}
		{53ED3575-7D7E-43A6-B82C-A6BEF7EDB341} = {2D7249D5-D9BE-4D2E-AA70-63D2B99CBE7B}
		{C9722533-B908-43BD-8857-FD61875A4795} = {67544661-5C89-4633-A1B1-63D959AF238A}
		{8A727681-4522-45B5-B63E-09A240217BD3} = {53ED3575-7D7E-43A6-B82C-A6BEF7EDB341}
		{90436459-C1F5-453B-BD2F-5AFEE4D2FB76} = {2D7249D5-D9BE-4D2E-AA70-63D2B99CBE7B}
		{A7513D74-88FA-4AB3-9272-8BDD22CF09DA} = {90436459-C1F5-453B-BD2F-5AFEE4D2FB76}
		{693ED681-D0FF-444A-BEE3-FA4E47FFCE5D} = {2D7249D5-D9BE-4D2E-AA70-63D2B99CBE7B}
		{6595D6C9-096A-4F9D-9375-057709D203C4} = {693ED681-D0FF-444A-BEE3-FA4E47FFCE5D}
		{D5490AEA-8D29-4677-AD6B-FAE14BF7A687} = {2D7249D5-D9BE-4D2E-AA70-63D2B99CBE7B}
		{CFE4E6A3-040B-45A6-A379-827F1CCA071C} = {D5490AEA-8D29-4677-AD6B-FAE14BF7A687}
		{9D8707DE-69DA-465A-AB05-409B1D349130} = {2D7249D5-D9BE-4D2E-AA70-63D2B99CBE7B}
		{E31B452D-E84C-49DB-A7D1-C583FFE08B35} = {9D8707DE-69DA-465A-AB05-409B1D349130}
		{1CC88605-5900-4B7A-A352-D0EACC4FB85E} = {2D7249D5-D9BE-4D2E-AA70-63D2B99CBE7B}
		{DFB631CE-5DE4-4A6B-8C6A-6556FCE409FA} = {1CC88605-5900-4B7A-A352-D0EACC4FB85E}
		{4EE792FD-61B9-4231-8F11-50695C600B2A} = {2D7249D5-D9BE-4D2E-AA70-63D2B99CBE7B}
		{3B80D8C0-2F2E-4B41-8214-7B347F15052D} = {4EE792FD-61B9-4231-8F11-50695C600B2A}
		{F3324508-9A28-4C7E-9606-9FF8546CF727} = {4EE792FD-61B9-4231-8F11-50695C600B2A}
		{FA466402-EFCC-4152-87A4-83A454ED97D7} = {3B80D8C0-2F2E-4B41-8214-7B347F15052D}
		{F3C398B6-0CEA-4259-994D-9B75502A31CB} = {F3324508-9A28-4C7E-9606-9FF8546CF727}
		{333CD2AF-1942-4052-B6C4-A5003AF372A8} = {2D7249D5-D9BE-4D2E-AA70-63D2B99CBE7B}
		{34DEFFBC-777D-482A-8666-DDEA8444837C} = {333CD2AF-1942-4052-B6C4-A5003AF372A8}
		{75ED4F50-2375-4D8C-AD17-B7311E729AD6} = {333CD2AF-1942-4052-B6C4-A5003AF372A8}
		{F3561E2E-8F16-465B-AA4E-6925C1A010A4} = {75ED4F50-2375-4D8C-AD17-B7311E729AD6}
		{386819C0-6ACD-45D1-95FC-71C9C19292A3} = {34DEFFBC-777D-482A-8666-DDEA8444837C}
		{7A7CD181-790F-4FFC-8850-F4E98347A7BE} = {2D7249D5-D9BE-4D2E-AA70-63D2B99CBE7B}
		{5DD0D3BE-EAF9-4AF9-8BA7-500C7C0DDF1E} = {7A7CD181-790F-4FFC-8850-F4E98347A7BE}
		{2FFFD56D-1F57-4876-B3DC-7E5C9375BCA6} = {2D7249D5-D9BE-4D2E-AA70-63D2B99CBE7B}
		{8ECDFB98-1628-468C-9966-4182D611C2CC} = {2FFFD56D-1F57-4876-B3DC-7E5C9375BCA6}
		{5A0A560E-79F9-4E07-B6E4-E80BBA27B80D} = {2D7249D5-D9BE-4D2E-AA70-63D2B99CBE7B}
		{2769CDCD-553E-4AFD-BD94-AD0CA2BB570E} = {5A0A560E-79F9-4E07-B6E4-E80BBA27B80D}
		{C1DDC3DB-9807-47D2-A5E6-72A5262485C1} = {5A0A560E-79F9-4E07-B6E4-E80BBA27B80D}
		{3E8D6CB1-F684-4624-9094-1D4A8F891A25} = {2769CDCD-553E-4AFD-BD94-AD0CA2BB570E}
		{C9BF18EC-8096-4992-B571-80B02FE60895} = {C1DDC3DB-9807-47D2-A5E6-72A5262485C1}
		{6BF4B7B9-1925-4882-9829-14A6B942938B} = {2D7249D5-D9BE-4D2E-AA70-63D2B99CBE7B}
		{A8B8BA41-B19B-4956-9C6B-4E9038592B4F} = {6BF4B7B9-1925-4882-9829-14A6B942938B}
		{5FC26994-110C-405A-B1A0-1F4DC81AB6C5} = {2D7249D5-D9BE-4D2E-AA70-63D2B99CBE7B}
		{F7150693-DC39-41B2-B82D-E5EB60C91062} = {5FC26994-110C-405A-B1A0-1F4DC81AB6C5}
		{594F1780-5480-4FC3-85B9-C78A3ABAF711} = {2D7249D5-D9BE-4D2E-AA70-63D2B99CBE7B}
		{D829F5F2-DEB5-4717-8FE6-BEBA960444BD} = {594F1780-5480-4FC3-85B9-C78A3ABAF711}
		{F4A825DE-063F-4975-885D-A1E201FF4013} = {2D7249D5-D9BE-4D2E-AA70-63D2B99CBE7B}
		{D96F8B7C-9CB4-4CF9-9139-98585CE74424} = {F4A825DE-063F-4975-885D-A1E201FF4013}
		{49AAE1D0-541E-42F8-9C48-D0D9CC782AD8} = {5F6C50C9-F8E8-49C7-9F07-C3304EB090D3}
		{074CA21B-6FB5-43AB-92D3-2897907C5481} = {5F6C50C9-F8E8-49C7-9F07-C3304EB090D3}
		{6130F1DD-DD18-FFB1-06A9-2FEDB473B0A4} = {49AAE1D0-541E-42F8-9C48-D0D9CC782AD8}
		{68E28835-98F9-925F-F9AA-9106D9E5901C} = {074CA21B-6FB5-43AB-92D3-2897907C5481}
		{218DD81E-3B73-B236-5A61-55F937C357B7} = {074CA21B-6FB5-43AB-92D3-2897907C5481}
	EndGlobalSection
	GlobalSection(ExtensibilityGlobals) = postSolution
		SolutionGuid = {AD669E3F-5BDD-426F-B405-A6B7077199F3}
	EndGlobalSection
EndGlobal
